Microsoft Visual Studio Solution File, Format Version 12.00
# Visual Studio Version 17
VisualStudioVersion = 17.5.2.0
MinimumVisualStudioVersion = 10.0.40219.1
Project("{FAE04EC0-301F-11D3-BF4B-00C04F79EFBC}") = "EmbeddingDemo", "EmbeddingDemo.csproj", "{E0B66652-59B9-7D84-AF85-9A366B8675D4}"
EndProject
Global
	GlobalSection(SolutionConfigurationPlatforms) = preSolution
		Debug|Any CPU = Debug|Any CPU
		Release|Any CPU = Release|Any CPU
	EndGlobalSection
	GlobalSection(ProjectConfigurationPlatforms) = postSolution
		{E0B66652-59B9-7D84-AF85-9A366B8675D4}.Debug|Any CPU.ActiveCfg = Debug|Any CPU
		{E0B66652-59B9-7D84-AF85-9A366B8675D4}.Debug|Any CPU.Build.0 = Debug|Any CPU
		{E0B66652-59B9-7D84-AF85-9A366B8675D4}.Release|Any CPU.ActiveCfg = Release|Any CPU
		{E0B66652-59B9-7D84-AF85-9A366B8675D4}.Release|Any CPU.Build.0 = Release|Any CPU
	EndGlobalSection
	GlobalSection(SolutionProperties) = preSolution
		HideSolutionNode = FALSE
	EndGlobalSection
	GlobalSection(ExtensibilityGlobals) = postSolution
		SolutionGuid = {22274552-B720-4DF8-8453-F8D573630A51}
	EndGlobalSection
EndGlobal
