
Microsoft Visual Studio Solution File, Format Version 12.00
# Visual Studio Version 17
VisualStudioVersion = 17.14.36603.0 d17.14
MinimumVisualStudioVersion = 10.0.40219.1
Project("{FAE04EC0-301F-11D3-BF4B-00C04F79EFBC}") = "EnumExample", "EnumExample\EnumExample.csproj", "{26EAF886-348B-4420-8534-94E11A4CF197}"
EndProject
Global
	GlobalSection(SolutionConfigurationPlatforms) = preSolution
		Debug|Any CPU = Debug|Any CPU
		Release|Any CPU = Release|Any CPU
	EndGlobalSection
	GlobalSection(ProjectConfigurationPlatforms) = postSolution
		{26EAF886-348B-4420-8534-94E11A4CF197}.Debug|Any CPU.ActiveCfg = Debug|Any CPU
		{26EAF886-348B-4420-8534-94E11A4CF197}.Debug|Any CPU.Build.0 = Debug|Any CPU
		{26EAF886-348B-4420-8534-94E11A4CF197}.Release|Any CPU.ActiveCfg = Release|Any CPU
		{26EAF886-348B-4420-8534-94E11A4CF197}.Release|Any CPU.Build.0 = Release|Any CPU
	EndGlobalSection
	GlobalSection(SolutionProperties) = preSolution
		HideSolutionNode = FALSE
	EndGlobalSection
	GlobalSection(ExtensibilityGlobals) = postSolution
		SolutionGuid = {D26FFB85-94BC-4D3A-8876-BA062A410113}
	EndGlobalSection
EndGlobal
